
Microsoft Visual Studio Solution File, Format Version 12.00
# Visual Studio Version 16
VisualStudioVersion = 16.0.28803.452
MinimumVisualStudioVersion = 15.0.26124.0
Project("{9A19103F-16F7-4668-BE54-9A1E7A4F7556}") = "Songhay.Cloud.BlobStorage", "Songhay.Cloud.BlobStorage\Songhay.Cloud.BlobStorage.csproj", "{0137B326-EF91-4738-A257-684C7AADED62}"
EndProject
Project("{2150E333-8FDC-42A3-9474-1A3956D46DE8}") = "Solution Items", "Solution Items", "{FE47F68E-5260-4B99-A118-B50A0F87BA5F}"
	ProjectSection(SolutionItems) = preProject
		README.md = README.md
		Songhay.Cloud.BlobStorage.nuspec = Songhay.Cloud.BlobStorage.nuspec
	EndProjectSection
EndProject
Project("{FAE04EC0-301F-11D3-BF4B-00C04F79EFBC}") = "Songhay.Cloud.BlobStorage.Tests", "Songhay.Cloud.BlobStorage.Tests\Songhay.Cloud.BlobStorage.Tests.csproj", "{BDADC971-4844-414E-BFD0-B0E6ABB19CF9}"
EndProject
Global
	GlobalSection(SolutionConfigurationPlatforms) = preSolution
		Debug|Any CPU = Debug|Any CPU
		Debug|x64 = Debug|x64
		Debug|x86 = Debug|x86
		Release|Any CPU = Release|Any CPU
		Release|x64 = Release|x64
		Release|x86 = Release|x86
	EndGlobalSection
	GlobalSection(ProjectConfigurationPlatforms) = postSolution
		{0137B326-EF91-4738-A257-684C7AADED62}.Debug|Any CPU.ActiveCfg = Debug|Any CPU
		{0137B326-EF91-4738-A257-684C7AADED62}.Debug|Any CPU.Build.0 = Debug|Any CPU
		{0137B326-EF91-4738-A257-684C7AADED62}.Debug|x64.ActiveCfg = Debug|Any CPU
		{0137B326-EF91-4738-A257-684C7AADED62}.Debug|x64.Build.0 = Debug|Any CPU
		{0137B326-EF91-4738-A257-684C7AADED62}.Debug|x86.ActiveCfg = Debug|Any CPU
		{0137B326-EF91-4738-A257-684C7AADED62}.Debug|x86.Build.0 = Debug|Any CPU
		{0137B326-EF91-4738-A257-684C7AADED62}.Release|Any CPU.ActiveCfg = Release|Any CPU
		{0137B326-EF91-4738-A257-684C7AADED62}.Release|Any CPU.Build.0 = Release|Any CPU
		{0137B326-EF91-4738-A257-684C7AADED62}.Release|x64.ActiveCfg = Release|Any CPU
		{0137B326-EF91-4738-A257-684C7AADED62}.Release|x64.Build.0 = Release|Any CPU
		{0137B326-EF91-4738-A257-684C7AADED62}.Release|x86.ActiveCfg = Release|Any CPU
		{0137B326-EF91-4738-A257-684C7AADED62}.Release|x86.Build.0 = Release|Any CPU
		{BDADC971-4844-414E-BFD0-B0E6ABB19CF9}.Debug|Any CPU.ActiveCfg = Debug|Any CPU
		{BDADC971-4844-414E-BFD0-B0E6ABB19CF9}.Debug|Any CPU.Build.0 = Debug|Any CPU
		{BDADC971-4844-414E-BFD0-B0E6ABB19CF9}.Debug|x64.ActiveCfg = Debug|Any CPU
		{BDADC971-4844-414E-BFD0-B0E6ABB19CF9}.Debug|x64.Build.0 = Debug|Any CPU
		{BDADC971-4844-414E-BFD0-B0E6ABB19CF9}.Debug|x86.ActiveCfg = Debug|Any CPU
		{BDADC971-4844-414E-BFD0-B0E6ABB19CF9}.Debug|x86.Build.0 = Debug|Any CPU
		{BDADC971-4844-414E-BFD0-B0E6ABB19CF9}.Release|Any CPU.ActiveCfg = Release|Any CPU
		{BDADC971-4844-414E-BFD0-B0E6ABB19CF9}.Release|Any CPU.Build.0 = Release|Any CPU
		{BDADC971-4844-414E-BFD0-B0E6ABB19CF9}.Release|x64.ActiveCfg = Release|Any CPU
		{BDADC971-4844-414E-BFD0-B0E6ABB19CF9}.Release|x64.Build.0 = Release|Any CPU
		{BDADC971-4844-414E-BFD0-B0E6ABB19CF9}.Release|x86.ActiveCfg = Release|Any CPU
		{BDADC971-4844-414E-BFD0-B0E6ABB19CF9}.Release|x86.Build.0 = Release|Any CPU
	EndGlobalSection
	GlobalSection(SolutionProperties) = preSolution
		HideSolutionNode = FALSE
	EndGlobalSection
	GlobalSection(ExtensibilityGlobals) = postSolution
		SolutionGuid = {6B850B43-ABF0-487A-8A70-017EA1976DEE}
	EndGlobalSection
EndGlobal
